
Microsoft Visual Studio Solution File, Format Version 12.00
# Visual Studio Version 17
VisualStudioVersion = 17.1.32210.238
MinimumVisualStudioVersion = 10.0.40219.1
Project("{FAE04EC0-301F-11D3-BF4B-00C04F79EFBC}") = "PubApi", "PubApi\PubApi.csproj", "{F4F195DE-8313-4B3D-AD6D-F274D4F7D260}"
EndProject
Project("{2150E333-8FDC-42A3-9474-1A3956D46DE8}") = "Application", "Application", "{B5A4AF2D-81BF-4813-AD64-659055A7D3DD}"
EndProject
Project("{2150E333-8FDC-42A3-9474-1A3956D46DE8}") = "Domain", "Domain", "{B955C483-9388-4F07-939D-1A604EEC7870}"
EndProject
Project("{2150E333-8FDC-42A3-9474-1A3956D46DE8}") = "Infrastructure", "Infrastructure", "{0E5614E9-A938-4EF1-8C16-CF9730772A26}"
EndProject
Project("{2150E333-8FDC-42A3-9474-1A3956D46DE8}") = "Beer", "Beer", "{57946597-1316-433A-8656-0C2028F07680}"
EndProject
Project("{9A19103F-16F7-4668-BE54-9A1E7A4F7556}") = "PubApi.Beer.Models", "PubApi.Beer.Models\PubApi.Beer.Models.csproj", "{323B137B-ADCA-4B97-B37A-09389F1529A7}"
EndProject
Project("{FAE04EC0-301F-11D3-BF4B-00C04F79EFBC}") = "PubApi.Beer.Interfaces", "PubApi.Beer.Interfaces\PubApi.Beer.Interfaces.csproj", "{990D2236-87BF-4962-9B5F-5074BA789B12}"
EndProject
Project("{FAE04EC0-301F-11D3-BF4B-00C04F79EFBC}") = "PubApi.Beer.Services", "PubApi.Beer.Services\PubApi.Beer.Services.csproj", "{67622952-31DE-4CD1-AEDB-7FB56E0D1DEC}"
EndProject
Project("{2150E333-8FDC-42A3-9474-1A3956D46DE8}") = "Repository", "Repository", "{C6440F84-4BA3-41C6-9E31-A6EDF27F2D13}"
EndProject
Project("{FAE04EC0-301F-11D3-BF4B-00C04F79EFBC}") = "BeerApiKata.Infrastructure.Repository.Interfaces", "BeerApiKata.Infrastructure.Repository.Interfaces\BeerApiKata.Infrastructure.Repository.Interfaces.csproj", "{95C52408-745C-4581-97CB-2DEE93E2CB73}"
EndProject
Project("{FAE04EC0-301F-11D3-BF4B-00C04F79EFBC}") = "BeerApiKata.Infrastructure.Repository.InMemRepository", "BeerApiKata.Infrastructure.Repository.InMemRepository\BeerApiKata.Infrastructure.Repository.InMemRepository.csproj", "{7D780EB0-AF7D-4419-82DB-A9ECF70B9D51}"
EndProject
Global
	GlobalSection(SolutionConfigurationPlatforms) = preSolution
		Debug|Any CPU = Debug|Any CPU
		Release|Any CPU = Release|Any CPU
	EndGlobalSection
	GlobalSection(ProjectConfigurationPlatforms) = postSolution
		{F4F195DE-8313-4B3D-AD6D-F274D4F7D260}.Debug|Any CPU.ActiveCfg = Debug|Any CPU
		{F4F195DE-8313-4B3D-AD6D-F274D4F7D260}.Debug|Any CPU.Build.0 = Debug|Any CPU
		{F4F195DE-8313-4B3D-AD6D-F274D4F7D260}.Release|Any CPU.ActiveCfg = Release|Any CPU
		{F4F195DE-8313-4B3D-AD6D-F274D4F7D260}.Release|Any CPU.Build.0 = Release|Any CPU
		{323B137B-ADCA-4B97-B37A-09389F1529A7}.Debug|Any CPU.ActiveCfg = Debug|Any CPU
		{323B137B-ADCA-4B97-B37A-09389F1529A7}.Debug|Any CPU.Build.0 = Debug|Any CPU
		{323B137B-ADCA-4B97-B37A-09389F1529A7}.Release|Any CPU.ActiveCfg = Release|Any CPU
		{323B137B-ADCA-4B97-B37A-09389F1529A7}.Release|Any CPU.Build.0 = Release|Any CPU
		{990D2236-87BF-4962-9B5F-5074BA789B12}.Debug|Any CPU.ActiveCfg = Debug|Any CPU
		{990D2236-87BF-4962-9B5F-5074BA789B12}.Debug|Any CPU.Build.0 = Debug|Any CPU
		{990D2236-87BF-4962-9B5F-5074BA789B12}.Release|Any CPU.ActiveCfg = Release|Any CPU
		{990D2236-87BF-4962-9B5F-5074BA789B12}.Release|Any CPU.Build.0 = Release|Any CPU
		{67622952-31DE-4CD1-AEDB-7FB56E0D1DEC}.Debug|Any CPU.ActiveCfg = Debug|Any CPU
		{67622952-31DE-4CD1-AEDB-7FB56E0D1DEC}.Debug|Any CPU.Build.0 = Debug|Any CPU
		{67622952-31DE-4CD1-AEDB-7FB56E0D1DEC}.Release|Any CPU.ActiveCfg = Release|Any CPU
		{67622952-31DE-4CD1-AEDB-7FB56E0D1DEC}.Release|Any CPU.Build.0 = Release|Any CPU
		{95C52408-745C-4581-97CB-2DEE93E2CB73}.Debug|Any CPU.ActiveCfg = Debug|Any CPU
		{95C52408-745C-4581-97CB-2DEE93E2CB73}.Debug|Any CPU.Build.0 = Debug|Any CPU
		{95C52408-745C-4581-97CB-2DEE93E2CB73}.Release|Any CPU.ActiveCfg = Release|Any CPU
		{95C52408-745C-4581-97CB-2DEE93E2CB73}.Release|Any CPU.Build.0 = Release|Any CPU
		{7D780EB0-AF7D-4419-82DB-A9ECF70B9D51}.Debug|Any CPU.ActiveCfg = Debug|Any CPU
		{7D780EB0-AF7D-4419-82DB-A9ECF70B9D51}.Debug|Any CPU.Build.0 = Debug|Any CPU
		{7D780EB0-AF7D-4419-82DB-A9ECF70B9D51}.Release|Any CPU.ActiveCfg = Release|Any CPU
		{7D780EB0-AF7D-4419-82DB-A9ECF70B9D51}.Release|Any CPU.Build.0 = Release|Any CPU
	EndGlobalSection
	GlobalSection(SolutionProperties) = preSolution
		HideSolutionNode = FALSE
	EndGlobalSection
	GlobalSection(NestedProjects) = preSolution
		{F4F195DE-8313-4B3D-AD6D-F274D4F7D260} = {B5A4AF2D-81BF-4813-AD64-659055A7D3DD}
		{57946597-1316-433A-8656-0C2028F07680} = {B955C483-9388-4F07-939D-1A604EEC7870}
		{323B137B-ADCA-4B97-B37A-09389F1529A7} = {57946597-1316-433A-8656-0C2028F07680}
		{990D2236-87BF-4962-9B5F-5074BA789B12} = {57946597-1316-433A-8656-0C2028F07680}
		{67622952-31DE-4CD1-AEDB-7FB56E0D1DEC} = {57946597-1316-433A-8656-0C2028F07680}
		{C6440F84-4BA3-41C6-9E31-A6EDF27F2D13} = {0E5614E9-A938-4EF1-8C16-CF9730772A26}
		{95C52408-745C-4581-97CB-2DEE93E2CB73} = {C6440F84-4BA3-41C6-9E31-A6EDF27F2D13}
		{7D780EB0-AF7D-4419-82DB-A9ECF70B9D51} = {C6440F84-4BA3-41C6-9E31-A6EDF27F2D13}
	EndGlobalSection
	GlobalSection(ExtensibilityGlobals) = postSolution
		SolutionGuid = {2D092D1D-DB11-420C-8E0D-41B72151105F}
	EndGlobalSection
EndGlobal
